{
  "name": "hexo-theme-a4",
  "version": "1.9.7",
  "lockfileVersion": 3,
  "requires": true,
  "packages": {
    "": {
      "name": "hexo-theme-a4",
      "version": "1.9.7",
      "license": "MIT",
      "dependencies": {
        "hexo-theme-a4": "file:"
      }
    },
    "node_modules/hexo-theme-a4": {
      "resolved": "",
      "link": true
    }
  }
}
